{
  "version": 4,
  "terraform_version": "0.12.3",
  "serial": 11,
  "lineage": "2700c6b4-9443-d768-8ece-03438f4bd7c6",
  "outputs": {
    "public_dns": {
      "value": "ec2-34-255-208-74.eu-west-1.compute.amazonaws.com",
      "type": "string"
    },
    "public_ip": {
      "value": "34.255.208.74",
      "type": "string"
    },
    "vpc_id_so_we_can_spot_easily": {
      "value": "vpc-0a184f4cc46cb1156",
      "type": "string"
    }
  },
  "resources": [
    {
      "mode": "managed",
      "type": "aws_instance",
      "name": "myfirstec2",
      "provider": "provider.aws",
      "instances": [
        {
          "schema_version": 1,
          "attributes": {
            "ami": "ami-03746875d916becc0",
            "arn": "arn:aws:ec2:eu-west-1:069818277826:instance/i-00085d4a7498a18b7",
            "associate_public_ip_address": true,
            "availability_zone": "eu-west-1a",
            "cpu_core_count": 1,
            "cpu_threads_per_core": 1,
            "credit_specification": [
              {
                "cpu_credits": "standard"
              }
            ],
            "disable_api_termination": false,
            "ebs_block_device": [],
            "ebs_optimized": false,
            "ephemeral_block_device": [],
            "get_password_data": false,
            "host_id": null,
            "iam_instance_profile": "",
            "id": "i-00085d4a7498a18b7",
            "instance_initiated_shutdown_behavior": null,
            "instance_state": "running",
            "instance_type": "t2.micro",
            "ipv6_address_count": 0,
            "ipv6_addresses": [],
            "key_name": "myec2key",
            "monitoring": false,
            "network_interface": [],
            "network_interface_id": null,
            "password_data": "",
            "placement_group": "",
            "primary_network_interface_id": "eni-0028548f86e8ae4f6",
            "private_dns": "ip-10-1-0-71.eu-west-1.compute.internal",
            "private_ip": "10.1.0.71",
            "public_dns": "ec2-34-255-208-74.eu-west-1.compute.amazonaws.com",
            "public_ip": "34.255.208.74",
            "root_block_device": [
              {
                "delete_on_termination": true,
                "iops": 100,
                "volume_id": "vol-04dd0f383dea95d51",
                "volume_size": 8,
                "volume_type": "gp2"
              }
            ],
            "security_groups": [],
            "source_dest_check": true,
            "subnet_id": "subnet-07e0c2b41aaa84688",
            "tags": {
              "Environment": "development"
            },
            "tenancy": "default",
            "timeouts": null,
            "user_data": null,
            "user_data_base64": null,
            "volume_tags": {},
            "vpc_security_group_ids": [
              "sg-04de24202bb46ab60"
            ]
          },
          "private": "eyJlMmJmYjczMC1lY2FhLTExZTYtOGY4OC0zNDM2M2JjN2M0YzAiOnsiY3JlYXRlIjo2MDAwMDAwMDAwMDAsImRlbGV0ZSI6MTIwMDAwMDAwMDAwMCwidXBkYXRlIjo2MDAwMDAwMDAwMDB9LCJzY2hlbWFfdmVyc2lvbiI6IjEifQ==",
          "depends_on": [
            "aws_security_group.ssh_access",
            "aws_subnet.subnet_public"
          ]
        }
      ]
    },
    {
      "mode": "managed",
      "type": "aws_internet_gateway",
      "name": "igw",
      "provider": "provider.aws",
      "instances": [
        {
          "schema_version": 0,
          "attributes": {
            "id": "igw-0281ef3d1b8ae00b2",
            "owner_id": "069818277826",
            "tags": {
              "Environment": "development"
            },
            "vpc_id": "vpc-0a184f4cc46cb1156"
          },
          "private": "bnVsbA==",
          "depends_on": [
            "aws_vpc.practice_vpc"
          ]
        }
      ]
    },
    {
      "mode": "managed",
      "type": "aws_key_pair",
      "name": "ec2key",
      "provider": "provider.aws",
      "instances": [
        {
          "schema_version": 1,
          "attributes": {
            "fingerprint": "ab:65:d1:f9:3b:5f:12:d0:b0:de:6f:a3:b7:b8:89:55",
            "id": "myec2key",
            "key_name": "myec2key",
            "key_name_prefix": null,
            "public_key": "ssh-rsa AAAAB3NzaC1yc2EAAAADAQABAAACAQCe/YMRL8/x5hc1okhkdiC3ijoWLw1BtnpFNc5OjpqbDXFKSNe/T/Ba97+zua8JQG6o8eA8EkBcYldNhTGSDGJaWROthp2WgeZdQsAWk3+XC5aRtxjLFdutSfrY0CErSIU0K6++J+v6s4CrgBEoUcz5BUMawqV7VphUKOkH3j8tkK6kDEHZOqwjSOiZQ4xafW0Pc85skp4iU/Fcs2Y3jl3EA4JVZps3e15YByBCIL0AzmwZ10wTnX4zwxBG3tlj5DaeJsJHs2BhVMbS6MQhE2WF1R5d/RQVihxvZSBC9EZ2ZEVZOU5lZky3AA5wWXWy/UWzqo/V3mgukAPsYnTviy497iOZm2SNGnGckIR8hqLByjLDq7HMrIf1BSU3PtDWH0ge7NdYjV9he/64HtgpXUnDywM6tcoNUcO0suilal0QMV3arWsUiQ4Z5OpLOm+IV1PGBuchMxoPg6cyUSJCPHMg65h8pFEB0O3i5+hlG8XH4jifyermYiOtRV1UBAUw9rQoMzRNG8KdxWu7QAFtabYU1QV45G9ZO145hKKgcs2eiqH9fcugpTTaH214H+jRPFkhcJUXl6BVbZ2YKP/8H5wcS8xKbrtepKF3jLVXpSk5fk/YDYbzVMp49ftMSogcFJBrz8iFTj4CYbpQkmaV+JoEd4mvsREU+yt/MvwAqoSQTw== fernincornwall@gmail.com"
          },
          "private": "eyJzY2hlbWFfdmVyc2lvbiI6IjEifQ=="
        }
      ]
    },
    {
      "mode": "managed",
      "type": "aws_route_table",
      "name": "rtb_public",
      "provider": "provider.aws",
      "instances": [
        {
          "schema_version": 0,
          "attributes": {
            "id": "rtb-0315f6e4da5b8defe",
            "owner_id": "069818277826",
            "propagating_vgws": [],
            "route": [
              {
                "cidr_block": "0.0.0.0/0",
                "egress_only_gateway_id": "",
                "gateway_id": "igw-0281ef3d1b8ae00b2",
                "instance_id": "",
                "ipv6_cidr_block": "",
                "nat_gateway_id": "",
                "network_interface_id": "",
                "transit_gateway_id": "",
                "vpc_peering_connection_id": ""
              }
            ],
            "tags": {
              "Environment": "development"
            },
            "vpc_id": "vpc-0a184f4cc46cb1156"
          },
          "private": "bnVsbA==",
          "depends_on": [
            "aws_internet_gateway.igw",
            "aws_vpc.practice_vpc"
          ]
        }
      ]
    },
    {
      "mode": "managed",
      "type": "aws_route_table_association",
      "name": "rta_subnet_public",
      "provider": "provider.aws",
      "instances": [
        {
          "schema_version": 0,
          "attributes": {
            "id": "rtbassoc-0404bdcb699a85c4f",
            "route_table_id": "rtb-0315f6e4da5b8defe",
            "subnet_id": "subnet-07e0c2b41aaa84688"
          },
          "private": "bnVsbA==",
          "depends_on": [
            "aws_route_table.rtb_public",
            "aws_subnet.subnet_public"
          ]
        }
      ]
    },
    {
      "mode": "managed",
      "type": "aws_security_group",
      "name": "ssh_access",
      "provider": "provider.aws",
      "instances": [
        {
          "schema_version": 1,
          "attributes": {
            "arn": "arn:aws:ec2:eu-west-1:069818277826:security-group/sg-04de24202bb46ab60",
            "description": "Managed by Terraform",
            "egress": [
              {
                "cidr_blocks": [
                  "0.0.0.0/0"
                ],
                "description": "",
                "from_port": 0,
                "ipv6_cidr_blocks": [],
                "prefix_list_ids": [],
                "protocol": "-1",
                "security_groups": [],
                "self": false,
                "to_port": 0
              }
            ],
            "id": "sg-04de24202bb46ab60",
            "ingress": [
              {
                "cidr_blocks": [
                  "0.0.0.0/0"
                ],
                "description": "",
                "from_port": 22,
                "ipv6_cidr_blocks": [],
                "prefix_list_ids": [],
                "protocol": "tcp",
                "security_groups": [],
                "self": false,
                "to_port": 22
              }
            ],
            "name": "ssh_access",
            "name_prefix": null,
            "owner_id": "069818277826",
            "revoke_rules_on_delete": false,
            "tags": {
              "Environment": "development"
            },
            "timeouts": null,
            "vpc_id": "vpc-0a184f4cc46cb1156"
          },
          "private": "eyJlMmJmYjczMC1lY2FhLTExZTYtOGY4OC0zNDM2M2JjN2M0YzAiOnsiY3JlYXRlIjo2MDAwMDAwMDAwMDAsImRlbGV0ZSI6NjAwMDAwMDAwMDAwfSwic2NoZW1hX3ZlcnNpb24iOiIxIn0=",
          "depends_on": [
            "aws_vpc.practice_vpc"
          ]
        }
      ]
    },
    {
      "mode": "managed",
      "type": "aws_subnet",
      "name": "subnet_public",
      "provider": "provider.aws",
      "instances": [
        {
          "schema_version": 1,
          "attributes": {
            "arn": "arn:aws:ec2:eu-west-1:069818277826:subnet/subnet-07e0c2b41aaa84688",
            "assign_ipv6_address_on_creation": false,
            "availability_zone": "eu-west-1a",
            "availability_zone_id": "euw1-az3",
            "cidr_block": "10.1.0.0/24",
            "id": "subnet-07e0c2b41aaa84688",
            "ipv6_cidr_block": "",
            "ipv6_cidr_block_association_id": "",
            "map_public_ip_on_launch": true,
            "owner_id": "069818277826",
            "tags": {
              "Environment": "development"
            },
            "timeouts": null,
            "vpc_id": "vpc-0a184f4cc46cb1156"
          },
          "private": "eyJlMmJmYjczMC1lY2FhLTExZTYtOGY4OC0zNDM2M2JjN2M0YzAiOnsiY3JlYXRlIjo2MDAwMDAwMDAwMDAsImRlbGV0ZSI6MTIwMDAwMDAwMDAwMH0sInNjaGVtYV92ZXJzaW9uIjoiMSJ9",
          "depends_on": [
            "aws_vpc.practice_vpc"
          ]
        }
      ]
    },
    {
      "mode": "managed",
      "type": "aws_vpc",
      "name": "practice_vpc",
      "provider": "provider.aws",
      "instances": [
        {
          "schema_version": 1,
          "attributes": {
            "arn": "arn:aws:ec2:eu-west-1:069818277826:vpc/vpc-0a184f4cc46cb1156",
            "assign_generated_ipv6_cidr_block": false,
            "cidr_block": "10.1.0.0/16",
            "default_network_acl_id": "acl-06518eb2eeab7faa2",
            "default_route_table_id": "rtb-090f579763b732f0f",
            "default_security_group_id": "sg-04f797020e20e7f14",
            "dhcp_options_id": "dopt-5a30ba3c",
            "enable_classiclink": false,
            "enable_classiclink_dns_support": false,
            "enable_dns_hostnames": true,
            "enable_dns_support": true,
            "id": "vpc-0a184f4cc46cb1156",
            "instance_tenancy": "default",
            "ipv6_association_id": "",
            "ipv6_cidr_block": "",
            "main_route_table_id": "rtb-090f579763b732f0f",
            "owner_id": "069818277826",
            "tags": {
              "Environment": "development"
            }
          },
          "private": "eyJzY2hlbWFfdmVyc2lvbiI6IjEifQ=="
        }
      ]
    }
  ]
}
