{
  "version": 4,
  "terraform_version": "0.12.3",
  "serial": 23,
  "lineage": "0b730991-84bb-5c5a-d7e0-4fe73e491127",
  "outputs": {},
  "resources": [
    {
      "mode": "managed",
      "type": "aws_instance",
      "name": "myfirstec2",
      "provider": "provider.aws",
      "instances": [
        {
          "schema_version": 1,
          "attributes": {
            "ami": "ami-03746875d916becc0",
            "arn": "arn:aws:ec2:eu-west-1:069818277826:instance/i-0a9269aef37ad69a7",
            "associate_public_ip_address": true,
            "availability_zone": "eu-west-1c",
            "cpu_core_count": 1,
            "cpu_threads_per_core": 1,
            "credit_specification": [
              {
                "cpu_credits": "standard"
              }
            ],
            "disable_api_termination": false,
            "ebs_block_device": [],
            "ebs_optimized": false,
            "ephemeral_block_device": [],
            "get_password_data": false,
            "host_id": null,
            "iam_instance_profile": "",
            "id": "i-0a9269aef37ad69a7",
            "instance_initiated_shutdown_behavior": null,
            "instance_state": "running",
            "instance_type": "t2.micro",
            "ipv6_address_count": 0,
            "ipv6_addresses": [],
            "key_name": "myec2key",
            "monitoring": false,
            "network_interface": [],
            "network_interface_id": null,
            "password_data": "",
            "placement_group": "",
            "primary_network_interface_id": "eni-0200de40d5d5afdfb",
            "private_dns": "ip-172-31-22-120.eu-west-1.compute.internal",
            "private_ip": "172.31.22.120",
            "public_dns": "ec2-34-245-40-53.eu-west-1.compute.amazonaws.com",
            "public_ip": "34.245.40.53",
            "root_block_device": [
              {
                "delete_on_termination": true,
                "iops": 100,
                "volume_id": "vol-0caf644c56445ef7f",
                "volume_size": 8,
                "volume_type": "gp2"
              }
            ],
            "security_groups": [
              "default"
            ],
            "source_dest_check": true,
            "subnet_id": "subnet-d1573099",
            "tags": null,
            "tenancy": "default",
            "timeouts": null,
            "user_data": null,
            "user_data_base64": null,
            "volume_tags": {},
            "vpc_security_group_ids": [
              "sg-7ec35902"
            ]
          },
          "private": "eyJlMmJmYjczMC1lY2FhLTExZTYtOGY4OC0zNDM2M2JjN2M0YzAiOnsiY3JlYXRlIjo2MDAwMDAwMDAwMDAsImRlbGV0ZSI6MTIwMDAwMDAwMDAwMCwidXBkYXRlIjo2MDAwMDAwMDAwMDB9LCJzY2hlbWFfdmVyc2lvbiI6IjEifQ=="
        }
      ]
    },
    {
      "mode": "managed",
      "type": "aws_key_pair",
      "name": "ec2key",
      "provider": "provider.aws",
      "instances": [
        {
          "schema_version": 1,
          "attributes": {
            "fingerprint": "ab:65:d1:f9:3b:5f:12:d0:b0:de:6f:a3:b7:b8:89:55",
            "id": "myec2key",
            "key_name": "myec2key",
            "key_name_prefix": null,
            "public_key": "ssh-rsa AAAAB3NzaC1yc2EAAAADAQABAAACAQCe/YMRL8/x5hc1okhkdiC3ijoWLw1BtnpFNc5OjpqbDXFKSNe/T/Ba97+zua8JQG6o8eA8EkBcYldNhTGSDGJaWROthp2WgeZdQsAWk3+XC5aRtxjLFdutSfrY0CErSIU0K6++J+v6s4CrgBEoUcz5BUMawqV7VphUKOkH3j8tkK6kDEHZOqwjSOiZQ4xafW0Pc85skp4iU/Fcs2Y3jl3EA4JVZps3e15YByBCIL0AzmwZ10wTnX4zwxBG3tlj5DaeJsJHs2BhVMbS6MQhE2WF1R5d/RQVihxvZSBC9EZ2ZEVZOU5lZky3AA5wWXWy/UWzqo/V3mgukAPsYnTviy497iOZm2SNGnGckIR8hqLByjLDq7HMrIf1BSU3PtDWH0ge7NdYjV9he/64HtgpXUnDywM6tcoNUcO0suilal0QMV3arWsUiQ4Z5OpLOm+IV1PGBuchMxoPg6cyUSJCPHMg65h8pFEB0O3i5+hlG8XH4jifyermYiOtRV1UBAUw9rQoMzRNG8KdxWu7QAFtabYU1QV45G9ZO145hKKgcs2eiqH9fcugpTTaH214H+jRPFkhcJUXl6BVbZ2YKP/8H5wcS8xKbrtepKF3jLVXpSk5fk/YDYbzVMp49ftMSogcFJBrz8iFTj4CYbpQkmaV+JoEd4mvsREU+yt/MvwAqoSQTw== fernincornwall@gmail.com"
          },
          "private": "eyJzY2hlbWFfdmVyc2lvbiI6IjEifQ=="
        }
      ]
    }
  ]
}
